
Microsoft Visual Studio Solution File, Format Version 12.00
# Visual Studio Version 16
VisualStudioVersion = 16.0.30626.31
MinimumVisualStudioVersion = 10.0.40219.1
Project("{FAE04EC0-301F-11D3-BF4B-00C04F79EFBC}") = "Publisher", "Publisher\Publisher.csproj", "{05A90C90-AC3D-4AF4-BA8E-70A2769995D3}"
EndProject
Project("{FAE04EC0-301F-11D3-BF4B-00C04F79EFBC}") = "Subscriber", "Subscriber\Subscriber.csproj", "{BF405621-0E47-4D40-ADB3-449F64053A95}"
EndProject
Global
	GlobalSection(SolutionConfigurationPlatforms) = preSolution
		Debug|Any CPU = Debug|Any CPU
		Release|Any CPU = Release|Any CPU
	EndGlobalSection
	GlobalSection(ProjectConfigurationPlatforms) = postSolution
		{05A90C90-AC3D-4AF4-BA8E-70A2769995D3}.Debug|Any CPU.ActiveCfg = Debug|Any CPU
		{05A90C90-AC3D-4AF4-BA8E-70A2769995D3}.Debug|Any CPU.Build.0 = Debug|Any CPU
		{05A90C90-AC3D-4AF4-BA8E-70A2769995D3}.Release|Any CPU.ActiveCfg = Release|Any CPU
		{05A90C90-AC3D-4AF4-BA8E-70A2769995D3}.Release|Any CPU.Build.0 = Release|Any CPU
		{BF405621-0E47-4D40-ADB3-449F64053A95}.Debug|Any CPU.ActiveCfg = Debug|Any CPU
		{BF405621-0E47-4D40-ADB3-449F64053A95}.Debug|Any CPU.Build.0 = Debug|Any CPU
		{BF405621-0E47-4D40-ADB3-449F64053A95}.Release|Any CPU.ActiveCfg = Release|Any CPU
		{BF405621-0E47-4D40-ADB3-449F64053A95}.Release|Any CPU.Build.0 = Release|Any CPU
	EndGlobalSection
	GlobalSection(SolutionProperties) = preSolution
		HideSolutionNode = FALSE
	EndGlobalSection
	GlobalSection(ExtensibilityGlobals) = postSolution
		SolutionGuid = {4B062488-01A6-4EBE-B16A-44997FCE2FF8}
	EndGlobalSection
EndGlobal
